{
  "name": "PromptEngeneeringNode",
  "lockfileVersion": 3,
  "requires": true,
  "packages": {
    "": {
      "dependencies": {
        "electron-serve": "^3.0.1"
      }
    },
    "node_modules/electron-serve": {
      "version": "3.0.1",
      "resolved": "https://registry.npmjs.org/electron-serve/-/electron-serve-3.0.1.tgz",
      "integrity": "sha512-o40R/CfuxT4ccpD3kK2enFghd2jgXSgI02l4p51f8f2clXC4GPKpi0JQUn1FSRGrIHWH8fjdPlRsznEyItDPLg==",
      "license": "MIT",
      "engines": {
        "node": ">=20"
      },
      "funding": {
        "url": "https://github.com/sponsors/sindresorhus"
      }
    }
  }
}
